// !$*UTF8*$!
{
	archiveVersion = 1;
	classes = {
	};
	objectVersion = 46;
	objects = {

/* Begin PBXBuildFile section */
		AF09E8211573F52700BFEF33 /* UIKit.framework in Frameworks */ = {isa = PBXBuildFile; fileRef = AF09E8201573F52700BFEF33 /* UIKit.framework */; };
		AF09E8231573F52700BFEF33 /* Foundation.framework in Frameworks */ = {isa = PBXBuildFile; fileRef = AF09E8221573F52700BFEF33 /* Foundation.framework */; };
		AF09E8251573F52700BFEF33 /* CoreGraphics.framework in Frameworks */ = {isa = PBXBuildFile; fileRef = AF09E8241573F52700BFEF33 /* CoreGraphics.framework */; };
		AF09E82B1573F52700BFEF33 /* InfoPlist.strings in Resources */ = {isa = PBXBuildFile; fileRef = AF09E8291573F52700BFEF33 /* InfoPlist.strings */; };
		AF09E82D1573F52700BFEF33 /* main.m in Sources */ = {isa = PBXBuildFile; fileRef = AF09E82C1573F52700BFEF33 /* main.m */; };
		AF09E8311573F52800BFEF33 /* TTAAppDelegate.m in Sources */ = {isa = PBXBuildFile; fileRef = AF09E8301573F52800BFEF33 /* TTAAppDelegate.m */; };
		AF09E8341573F52800BFEF33 /* TTAViewController.m in Sources */ = {isa = PBXBuildFile; fileRef = AF09E8331573F52800BFEF33 /* TTAViewController.m */; };
		AF09E8371573F52800BFEF33 /* TTAViewController.xib in Resources */ = {isa = PBXBuildFile; fileRef = AF09E8351573F52800BFEF33 /* TTAViewController.xib */; };
		AF09E83F1573F54700BFEF33 /* TTASelectButton.m in Sources */ = {isa = PBXBuildFile; fileRef = AF09E83E1573F54700BFEF33 /* TTASelectButton.m */; };
		AF09E8421573F59A00BFEF33 /* TTAPickerViewController.m in Sources */ = {isa = PBXBuildFile; fileRef = AF09E8411573F59A00BFEF33 /* TTAPickerViewController.m */; };
/* End PBXBuildFile section */

/* Begin PBXFileReference section */
		AF09E81C1573F52700BFEF33 /* TTASelectButton.app */ = {isa = PBXFileReference; explicitFileType = wrapper.application; includeInIndex = 0; path = TTASelectButton.app; sourceTree = BUILT_PRODUCTS_DIR; };
		AF09E8201573F52700BFEF33 /* UIKit.framework */ = {isa = PBXFileReference; lastKnownFileType = wrapper.framework; name = UIKit.framework; path = System/Library/Frameworks/UIKit.framework; sourceTree = SDKROOT; };
		AF09E8221573F52700BFEF33 /* Foundation.framework */ = {isa = PBXFileReference; lastKnownFileType = wrapper.framework; name = Foundation.framework; path = System/Library/Frameworks/Foundation.framework; sourceTree = SDKROOT; };
		AF09E8241573F52700BFEF33 /* CoreGraphics.framework */ = {isa = PBXFileReference; lastKnownFileType = wrapper.framework; name = CoreGraphics.framework; path = System/Library/Frameworks/CoreGraphics.framework; sourceTree = SDKROOT; };
		AF09E8281573F52700BFEF33 /* TTASelectButton-Info.plist */ = {isa = PBXFileReference; lastKnownFileType = text.plist.xml; path = "TTASelectButton-Info.plist"; sourceTree = "<group>"; };
		AF09E82A1573F52700BFEF33 /* en */ = {isa = PBXFileReference; lastKnownFileType = text.plist.strings; name = en; path = en.lproj/InfoPlist.strings; sourceTree = "<group>"; };
		AF09E82C1573F52700BFEF33 /* main.m */ = {isa = PBXFileReference; lastKnownFileType = sourcecode.c.objc; path = main.m; sourceTree = "<group>"; };
		AF09E82E1573F52800BFEF33 /* TTASelectButton-Prefix.pch */ = {isa = PBXFileReference; lastKnownFileType = sourcecode.c.h; path = "TTASelectButton-Prefix.pch"; sourceTree = "<group>"; };
		AF09E82F1573F52800BFEF33 /* TTAAppDelegate.h */ = {isa = PBXFileReference; lastKnownFileType = sourcecode.c.h; path = TTAAppDelegate.h; sourceTree = "<group>"; };
		AF09E8301573F52800BFEF33 /* TTAAppDelegate.m */ = {isa = PBXFileReference; lastKnownFileType = sourcecode.c.objc; path = TTAAppDelegate.m; sourceTree = "<group>"; };
		AF09E8321573F52800BFEF33 /* TTAViewController.h */ = {isa = PBXFileReference; lastKnownFileType = sourcecode.c.h; path = TTAViewController.h; sourceTree = "<group>"; };
		AF09E8331573F52800BFEF33 /* TTAViewController.m */ = {isa = PBXFileReference; lastKnownFileType = sourcecode.c.objc; path = TTAViewController.m; sourceTree = "<group>"; };
		AF09E8361573F52800BFEF33 /* en */ = {isa = PBXFileReference; lastKnownFileType = file.xib; name = en; path = en.lproj/TTAViewController.xib; sourceTree = "<group>"; };
		AF09E83D1573F54700BFEF33 /* TTASelectButton.h */ = {isa = PBXFileReference; fileEncoding = 4; lastKnownFileType = sourcecode.c.h; path = TTASelectButton.h; sourceTree = "<group>"; };
		AF09E83E1573F54700BFEF33 /* TTASelectButton.m */ = {isa = PBXFileReference; fileEncoding = 4; lastKnownFileType = sourcecode.c.objc; path = TTASelectButton.m; sourceTree = "<group>"; };
		AF09E8401573F59A00BFEF33 /* TTAPickerViewController.h */ = {isa = PBXFileReference; fileEncoding = 4; lastKnownFileType = sourcecode.c.h; path = TTAPickerViewController.h; sourceTree = "<group>"; };
		AF09E8411573F59A00BFEF33 /* TTAPickerViewController.m */ = {isa = PBXFileReference; fileEncoding = 4; lastKnownFileType = sourcecode.c.objc; path = TTAPickerViewController.m; sourceTree = "<group>"; };
/* End PBXFileReference section */

/* Begin PBXFrameworksBuildPhase section */
		AF09E8191573F52700BFEF33 /* Frameworks */ = {
			isa = PBXFrameworksBuildPhase;
			buildActionMask = 2147483647;
			files = (
				AF09E8211573F52700BFEF33 /* UIKit.framework in Frameworks */,
				AF09E8231573F52700BFEF33 /* Foundation.framework in Frameworks */,
				AF09E8251573F52700BFEF33 /* CoreGraphics.framework in Frameworks */,
			);
			runOnlyForDeploymentPostprocessing = 0;
		};
/* End PBXFrameworksBuildPhase section */

/* Begin PBXGroup section */
		AF09E8111573F52700BFEF33 = {
			isa = PBXGroup;
			children = (
				AF09E8261573F52700BFEF33 /* TTASelectButton */,
				AF09E81F1573F52700BFEF33 /* Frameworks */,
				AF09E81D1573F52700BFEF33 /* Products */,
			);
			sourceTree = "<group>";
		};
		AF09E81D1573F52700BFEF33 /* Products */ = {
			isa = PBXGroup;
			children = (
				AF09E81C1573F52700BFEF33 /* TTASelectButton.app */,
			);
			name = Products;
			sourceTree = "<group>";
		};
		AF09E81F1573F52700BFEF33 /* Frameworks */ = {
			isa = PBXGroup;
			children = (
				AF09E8201573F52700BFEF33 /* UIKit.framework */,
				AF09E8221573F52700BFEF33 /* Foundation.framework */,
				AF09E8241573F52700BFEF33 /* CoreGraphics.framework */,
			);
			name = Frameworks;
			sourceTree = "<group>";
		};
		AF09E8261573F52700BFEF33 /* TTASelectButton */ = {
			isa = PBXGroup;
			children = (
				AF09E8401573F59A00BFEF33 /* TTAPickerViewController.h */,
				AF09E8411573F59A00BFEF33 /* TTAPickerViewController.m */,
				AF09E83D1573F54700BFEF33 /* TTASelectButton.h */,
				AF09E83E1573F54700BFEF33 /* TTASelectButton.m */,
				AF09E82F1573F52800BFEF33 /* TTAAppDelegate.h */,
				AF09E8301573F52800BFEF33 /* TTAAppDelegate.m */,
				AF09E8321573F52800BFEF33 /* TTAViewController.h */,
				AF09E8331573F52800BFEF33 /* TTAViewController.m */,
				AF09E8351573F52800BFEF33 /* TTAViewController.xib */,
				AF09E8271573F52700BFEF33 /* Supporting Files */,
			);
			path = TTASelectButton;
			sourceTree = "<group>";
		};
		AF09E8271573F52700BFEF33 /* Supporting Files */ = {
			isa = PBXGroup;
			children = (
				AF09E8281573F52700BFEF33 /* TTASelectButton-Info.plist */,
				AF09E8291573F52700BFEF33 /* InfoPlist.strings */,
				AF09E82C1573F52700BFEF33 /* main.m */,
				AF09E82E1573F52800BFEF33 /* TTASelectButton-Prefix.pch */,
			);
			name = "Supporting Files";
			sourceTree = "<group>";
		};
/* End PBXGroup section */

/* Begin PBXNativeTarget section */
		AF09E81B1573F52700BFEF33 /* TTASelectButton */ = {
			isa = PBXNativeTarget;
			buildConfigurationList = AF09E83A1573F52800BFEF33 /* Build configuration list for PBXNativeTarget "TTASelectButton" */;
			buildPhases = (
				AF09E8181573F52700BFEF33 /* Sources */,
				AF09E8191573F52700BFEF33 /* Frameworks */,
				AF09E81A1573F52700BFEF33 /* Resources */,
			);
			buildRules = (
			);
			dependencies = (
			);
			name = TTASelectButton;
			productName = TTASelectButton;
			productReference = AF09E81C1573F52700BFEF33 /* TTASelectButton.app */;
			productType = "com.apple.product-type.application";
		};
/* End PBXNativeTarget section */

/* Begin PBXProject section */
		AF09E8131573F52700BFEF33 /* Project object */ = {
			isa = PBXProject;
			attributes = {
				CLASSPREFIX = TTA;
				LastUpgradeCheck = 0430;
				ORGANIZATIONNAME = "Tap Through Apps LLC";
			};
			buildConfigurationList = AF09E8161573F52700BFEF33 /* Build configuration list for PBXProject "TTASelectButton" */;
			compatibilityVersion = "Xcode 3.2";
			developmentRegion = English;
			hasScannedForEncodings = 0;
			knownRegions = (
				en,
			);
			mainGroup = AF09E8111573F52700BFEF33;
			productRefGroup = AF09E81D1573F52700BFEF33 /* Products */;
			projectDirPath = "";
			projectRoot = "";
			targets = (
				AF09E81B1573F52700BFEF33 /* TTASelectButton */,
			);
		};
/* End PBXProject section */

/* Begin PBXResourcesBuildPhase section */
		AF09E81A1573F52700BFEF33 /* Resources */ = {
			isa = PBXResourcesBuildPhase;
			buildActionMask = 2147483647;
			files = (
				AF09E82B1573F52700BFEF33 /* InfoPlist.strings in Resources */,
				AF09E8371573F52800BFEF33 /* TTAViewController.xib in Resources */,
			);
			runOnlyForDeploymentPostprocessing = 0;
		};
/* End PBXResourcesBuildPhase section */

/* Begin PBXSourcesBuildPhase section */
		AF09E8181573F52700BFEF33 /* Sources */ = {
			isa = PBXSourcesBuildPhase;
			buildActionMask = 2147483647;
			files = (
				AF09E82D1573F52700BFEF33 /* main.m in Sources */,
				AF09E8311573F52800BFEF33 /* TTAAppDelegate.m in Sources */,
				AF09E8341573F52800BFEF33 /* TTAViewController.m in Sources */,
				AF09E83F1573F54700BFEF33 /* TTASelectButton.m in Sources */,
				AF09E8421573F59A00BFEF33 /* TTAPickerViewController.m in Sources */,
			);
			runOnlyForDeploymentPostprocessing = 0;
		};
/* End PBXSourcesBuildPhase section */

/* Begin PBXVariantGroup section */
		AF09E8291573F52700BFEF33 /* InfoPlist.strings */ = {
			isa = PBXVariantGroup;
			children = (
				AF09E82A1573F52700BFEF33 /* en */,
			);
			name = InfoPlist.strings;
			sourceTree = "<group>";
		};
		AF09E8351573F52800BFEF33 /* TTAViewController.xib */ = {
			isa = PBXVariantGroup;
			children = (
				AF09E8361573F52800BFEF33 /* en */,
			);
			name = TTAViewController.xib;
			sourceTree = "<group>";
		};
/* End PBXVariantGroup section */

/* Begin XCBuildConfiguration section */
		AF09E8381573F52800BFEF33 /* Debug */ = {
			isa = XCBuildConfiguration;
			buildSettings = {
				ALWAYS_SEARCH_USER_PATHS = NO;
				ARCHS = "$(ARCHS_STANDARD_32_BIT)";
				"CODE_SIGN_IDENTITY[sdk=iphoneos*]" = "iPhone Developer";
				COPY_PHASE_STRIP = NO;
				GCC_C_LANGUAGE_STANDARD = gnu99;
				GCC_DYNAMIC_NO_PIC = NO;
				GCC_OPTIMIZATION_LEVEL = 0;
				GCC_PREPROCESSOR_DEFINITIONS = (
					"DEBUG=1",
					"$(inherited)",
				);
				GCC_SYMBOLS_PRIVATE_EXTERN = NO;
				GCC_VERSION = com.apple.compilers.llvm.clang.1_0;
				GCC_WARN_ABOUT_RETURN_TYPE = YES;
				GCC_WARN_UNINITIALIZED_AUTOS = YES;
				GCC_WARN_UNUSED_VARIABLE = YES;
				IPHONEOS_DEPLOYMENT_TARGET = 5.1;
				SDKROOT = iphoneos;
				TARGETED_DEVICE_FAMILY = 2;
			};
			name = Debug;
		};
		AF09E8391573F52800BFEF33 /* Release */ = {
			isa = XCBuildConfiguration;
			buildSettings = {
				ALWAYS_SEARCH_USER_PATHS = NO;
				ARCHS = "$(ARCHS_STANDARD_32_BIT)";
				"CODE_SIGN_IDENTITY[sdk=iphoneos*]" = "iPhone Developer";
				COPY_PHASE_STRIP = YES;
				GCC_C_LANGUAGE_STANDARD = gnu99;
				GCC_VERSION = com.apple.compilers.llvm.clang.1_0;
				GCC_WARN_ABOUT_RETURN_TYPE = YES;
				GCC_WARN_UNINITIALIZED_AUTOS = YES;
				GCC_WARN_UNUSED_VARIABLE = YES;
				IPHONEOS_DEPLOYMENT_TARGET = 5.1;
				OTHER_CFLAGS = "-DNS_BLOCK_ASSERTIONS=1";
				SDKROOT = iphoneos;
				TARGETED_DEVICE_FAMILY = 2;
				VALIDATE_PRODUCT = YES;
			};
			name = Release;
		};
		AF09E83B1573F52800BFEF33 /* Debug */ = {
			isa = XCBuildConfiguration;
			buildSettings = {
				GCC_PRECOMPILE_PREFIX_HEADER = YES;
				GCC_PREFIX_HEADER = "TTASelectButton/TTASelectButton-Prefix.pch";
				INFOPLIST_FILE = "TTASelectButton/TTASelectButton-Info.plist";
				PRODUCT_NAME = "$(TARGET_NAME)";
				WRAPPER_EXTENSION = app;
			};
			name = Debug;
		};
		AF09E83C1573F52800BFEF33 /* Release */ = {
			isa = XCBuildConfiguration;
			buildSettings = {
				GCC_PRECOMPILE_PREFIX_HEADER = YES;
				GCC_PREFIX_HEADER = "TTASelectButton/TTASelectButton-Prefix.pch";
				INFOPLIST_FILE = "TTASelectButton/TTASelectButton-Info.plist";
				PRODUCT_NAME = "$(TARGET_NAME)";
				WRAPPER_EXTENSION = app;
			};
			name = Release;
		};
/* End XCBuildConfiguration section */

/* Begin XCConfigurationList section */
		AF09E8161573F52700BFEF33 /* Build configuration list for PBXProject "TTASelectButton" */ = {
			isa = XCConfigurationList;
			buildConfigurations = (
				AF09E8381573F52800BFEF33 /* Debug */,
				AF09E8391573F52800BFEF33 /* Release */,
			);
			defaultConfigurationIsVisible = 0;
			defaultConfigurationName = Release;
		};
		AF09E83A1573F52800BFEF33 /* Build configuration list for PBXNativeTarget "TTASelectButton" */ = {
			isa = XCConfigurationList;
			buildConfigurations = (
				AF09E83B1573F52800BFEF33 /* Debug */,
				AF09E83C1573F52800BFEF33 /* Release */,
			);
			defaultConfigurationIsVisible = 0;
		};
/* End XCConfigurationList section */
	};
	rootObject = AF09E8131573F52700BFEF33 /* Project object */;
}
